codeberg.org/go-mmap/mmap v0.8.0 h1:YFf2yIHZZTV8lfh86OHd7IDBKsJZARkf0/Rvxz1pVlM=
codeberg.org/go-mmap/mmap v0.8.0/go.mod h1:KgnsNFKF7t8JQJiXODKzoiYpbUTegWihtCrK3BtB8oA=
github.com/google/uuid v1.6.0 h1:NIvaJDMOsjHA8n1jAhLSgzrAzy1Hgr+hNrb57e+94F0=
github.com/google/uuid v1.6.0/go.mod h1:TIyPZe4MgqvfeYDBFedMoGGpEw/LqOeaOT+nhxU+yHo=
github.com/qxlreport/hmsort v0.0.1 h1:iIXgy6XZNvMNKM7QdrcQv/qFbwh8Cpg8DOw2HaYE3yw=
github.com/qxlreport/hmsort v0.0.1/go.mod h1:mmiZGK29+5VYvXXnFboopHbeyCLNj40yLf82Cq+n9fY=
golang.org/x/sys v0.30.0 h1:QjkSwP/36a20jFYWkSue1YwXzLmsV5Gfq7Eiy72C1uc=
golang.org/x/sys v0.30.0/go.mod h1:/VUhepiaJMQUp4+oa/7Zr1D23ma6VTLIYjOOTFZPUcA=
